{
  "originHash" : "e745f305e4656a37fb1abea15aa0698c2b0162d68e910fd58c37cfc8f46a43c8",
  "pins" : [
    {
      "identity" : "googlemapstileoverlay",
      "kind" : "remoteSourceControl",
      "location" : "https://github.com/thepeaklab/GoogleMapsTileOverlay",
      "state" : {
        "revision" : "a31bd418be8e49b7b118d93f1e79b3a91407e82a",
        "version" : "0.5.0"
      }
    },
    {
      "identity" : "resolver",
      "kind" : "remoteSourceControl",
      "location" : "https://github.com/hmlongco/Resolver.git",
      "state" : {
        "revision" : "47602af1ac8d7952299fbd0bda3cfbd12cf3a8ca",
        "version" : "1.5.1"
      }
    }
  ],
  "version" : 3
}
